
Microsoft Visual Studio Solution File, Format Version 12.00
Project("{FAE04EC0-301F-11D3-BF4B-00C04F79EFBC}") = "ObjektoveModelovaniProjekt", "ObjektoveModelovaniProjekt.csproj", "{AA7BE2AA-7836-461E-95C2-FF7C86941CD6}"
EndProject
Global
	GlobalSection(SolutionConfigurationPlatforms) = preSolution
		Debug|Any CPU = Debug|Any CPU
		Release|Any CPU = Release|Any CPU
	EndGlobalSection
	GlobalSection(ProjectConfigurationPlatforms) = postSolution
		{AA7BE2AA-7836-461E-95C2-FF7C86941CD6}.Debug|Any CPU.ActiveCfg = Debug|Any CPU
		{AA7BE2AA-7836-461E-95C2-FF7C86941CD6}.Debug|Any CPU.Build.0 = Debug|Any CPU
		{AA7BE2AA-7836-461E-95C2-FF7C86941CD6}.Release|Any CPU.ActiveCfg = Release|Any CPU
		{AA7BE2AA-7836-461E-95C2-FF7C86941CD6}.Release|Any CPU.Build.0 = Release|Any CPU
	EndGlobalSection
EndGlobal
